
Microsoft Visual Studio Solution File, Format Version 12.00
# Visual Studio Version 17
VisualStudioVersion = 17.6.33801.468
MinimumVisualStudioVersion = 10.0.40219.1
Project("{FAE04EC0-301F-11D3-BF4B-00C04F79EFBC}") = "CarInsurance", "CarInsurance\CarInsurance.csproj", "{07E20095-91C3-4F57-951C-C1C9097D9EA4}"
EndProject
Global
	GlobalSection(SolutionConfigurationPlatforms) = preSolution
		Debug|Any CPU = Debug|Any CPU
		Release|Any CPU = Release|Any CPU
	EndGlobalSection
	GlobalSection(ProjectConfigurationPlatforms) = postSolution
		{07E20095-91C3-4F57-951C-C1C9097D9EA4}.Debug|Any CPU.ActiveCfg = Debug|Any CPU
		{07E20095-91C3-4F57-951C-C1C9097D9EA4}.Debug|Any CPU.Build.0 = Debug|Any CPU
		{07E20095-91C3-4F57-951C-C1C9097D9EA4}.Release|Any CPU.ActiveCfg = Release|Any CPU
		{07E20095-91C3-4F57-951C-C1C9097D9EA4}.Release|Any CPU.Build.0 = Release|Any CPU
	EndGlobalSection
	GlobalSection(SolutionProperties) = preSolution
		HideSolutionNode = FALSE
	EndGlobalSection
	GlobalSection(ExtensibilityGlobals) = postSolution
		SolutionGuid = {1299F1CB-33EA-4010-9DCA-63E1AA249440}
	EndGlobalSection
EndGlobal
