
Microsoft Visual Studio Solution File, Format Version 12.00
# Visual Studio Version 17
VisualStudioVersion = 17.6.33723.286
MinimumVisualStudioVersion = 10.0.40219.1
Project("{FAE04EC0-301F-11D3-BF4B-00C04F79EFBC}") = "AssignmentPart3", "AssignmentPart3.csproj", "{D1E1CD44-09EB-4A1D-A731-F877B6446441}"
EndProject
Global
	GlobalSection(SolutionConfigurationPlatforms) = preSolution
		Debug|Any CPU = Debug|Any CPU
		Release|Any CPU = Release|Any CPU
	EndGlobalSection
	GlobalSection(ProjectConfigurationPlatforms) = postSolution
		{D1E1CD44-09EB-4A1D-A731-F877B6446441}.Debug|Any CPU.ActiveCfg = Debug|Any CPU
		{D1E1CD44-09EB-4A1D-A731-F877B6446441}.Debug|Any CPU.Build.0 = Debug|Any CPU
		{D1E1CD44-09EB-4A1D-A731-F877B6446441}.Release|Any CPU.ActiveCfg = Release|Any CPU
		{D1E1CD44-09EB-4A1D-A731-F877B6446441}.Release|Any CPU.Build.0 = Release|Any CPU
	EndGlobalSection
	GlobalSection(SolutionProperties) = preSolution
		HideSolutionNode = FALSE
	EndGlobalSection
	GlobalSection(ExtensibilityGlobals) = postSolution
		SolutionGuid = {730FE667-4546-48D2-8934-5FE6D7A7EE08}
	EndGlobalSection
EndGlobal
